
Microsoft Visual Studio Solution File, Format Version 12.00
# Visual Studio 2012
Project("{FAE04EC0-301F-11D3-BF4B-00C04F79EFBC}") = "Myweb", "Myweb\Myweb.csproj", "{84824902-9262-4291-8051-0D412D9D3374}"
EndProject
Project("{FAE04EC0-301F-11D3-BF4B-00C04F79EFBC}") = "Myweb.Tests", "Myweb.Tests\Myweb.Tests.csproj", "{211D468C-9136-49E1-8C16-3AA1A487EC13}"
EndProject
Global
	GlobalSection(SolutionConfigurationPlatforms) = preSolution
		Debug|Any CPU = Debug|Any CPU
		Release|Any CPU = Release|Any CPU
	EndGlobalSection
	GlobalSection(ProjectConfigurationPlatforms) = postSolution
		{84824902-9262-4291-8051-0D412D9D3374}.Debug|Any CPU.ActiveCfg = Debug|Any CPU
		{84824902-9262-4291-8051-0D412D9D3374}.Debug|Any CPU.Build.0 = Debug|Any CPU
		{84824902-9262-4291-8051-0D412D9D3374}.Release|Any CPU.ActiveCfg = Release|Any CPU
		{84824902-9262-4291-8051-0D412D9D3374}.Release|Any CPU.Build.0 = Release|Any CPU
		{211D468C-9136-49E1-8C16-3AA1A487EC13}.Debug|Any CPU.ActiveCfg = Debug|Any CPU
		{211D468C-9136-49E1-8C16-3AA1A487EC13}.Debug|Any CPU.Build.0 = Debug|Any CPU
		{211D468C-9136-49E1-8C16-3AA1A487EC13}.Release|Any CPU.ActiveCfg = Release|Any CPU
		{211D468C-9136-49E1-8C16-3AA1A487EC13}.Release|Any CPU.Build.0 = Release|Any CPU
	EndGlobalSection
EndGlobal
